
Microsoft Visual Studio Solution File, Format Version 12.00
# Visual Studio Version 16
VisualStudioVersion = 16.0.34031.81
MinimumVisualStudioVersion = 10.0.40219.1
Project("{2150E333-8FDC-42A3-9474-1A3956D46DE8}") = "abstract", "abstract", "{7E05561F-FF26-416D-A4C3-7FD7708529C1}"
EndProject
Project("{9A19103F-16F7-4668-BE54-9A1E7A4F7556}") = "abstractV1", "abstractV1\abstractV1.csproj", "{41224E36-50D1-4C78-ADB4-1331C55C8AAB}"
EndProject
Project("{9A19103F-16F7-4668-BE54-9A1E7A4F7556}") = "abstractV2", "abstractV2\abstractV2.csproj", "{2C85E211-0B62-4313-9A2D-C1F1CD281BE3}"
EndProject
Project("{9A19103F-16F7-4668-BE54-9A1E7A4F7556}") = "abstractV3", "abstractV3\abstractV3.csproj", "{42AB4CC1-4957-4FED-87B9-7337DEA700E3}"
EndProject
Project("{9A19103F-16F7-4668-BE54-9A1E7A4F7556}") = "abstractV4", "abstractV4\abstractV4.csproj", "{CCBF0833-7E59-48F2-A09C-A8274378F28F}"
EndProject
Project("{9A19103F-16F7-4668-BE54-9A1E7A4F7556}") = "abstractV5", "abstractV5\abstractV5.csproj", "{38C8FAD3-8249-49AD-A1DC-5EB2D4DF8239}"
EndProject
Project("{9A19103F-16F7-4668-BE54-9A1E7A4F7556}") = "abstractV6", "abstractV6\abstractV6.csproj", "{7CD512FB-3922-4080-8F71-A499FCC92970}"
EndProject
Project("{2150E333-8FDC-42A3-9474-1A3956D46DE8}") = "abstractFactory", "abstractFactory", "{79EC78ED-22EA-4EFA-B7DC-620BC9B15072}"
	ProjectSection(SolutionItems) = preProject
		D:\Softtech Programs\Prestij\Prestij Design Pattern Egitim\Design Patterns\03.Abstract Factory\Abstract Factory.vsd = D:\Softtech Programs\Prestij\Prestij Design Pattern Egitim\Design Patterns\03.Abstract Factory\Abstract Factory.vsd
	EndProjectSection
EndProject
Project("{FAE04EC0-301F-11D3-BF4B-00C04F79EFBC}") = "AbstractFactory", "AbstractFactory\AbstractFactory.csproj", "{C695B14D-2D86-4DAC-82E2-198236DAF9A3}"
EndProject
Global
	GlobalSection(SolutionConfigurationPlatforms) = preSolution
		Debug|Any CPU = Debug|Any CPU
		Release|Any CPU = Release|Any CPU
	EndGlobalSection
	GlobalSection(ProjectConfigurationPlatforms) = postSolution
		{41224E36-50D1-4C78-ADB4-1331C55C8AAB}.Debug|Any CPU.ActiveCfg = Debug|Any CPU
		{41224E36-50D1-4C78-ADB4-1331C55C8AAB}.Debug|Any CPU.Build.0 = Debug|Any CPU
		{41224E36-50D1-4C78-ADB4-1331C55C8AAB}.Release|Any CPU.ActiveCfg = Release|Any CPU
		{41224E36-50D1-4C78-ADB4-1331C55C8AAB}.Release|Any CPU.Build.0 = Release|Any CPU
		{2C85E211-0B62-4313-9A2D-C1F1CD281BE3}.Debug|Any CPU.ActiveCfg = Debug|Any CPU
		{2C85E211-0B62-4313-9A2D-C1F1CD281BE3}.Debug|Any CPU.Build.0 = Debug|Any CPU
		{2C85E211-0B62-4313-9A2D-C1F1CD281BE3}.Release|Any CPU.ActiveCfg = Release|Any CPU
		{2C85E211-0B62-4313-9A2D-C1F1CD281BE3}.Release|Any CPU.Build.0 = Release|Any CPU
		{42AB4CC1-4957-4FED-87B9-7337DEA700E3}.Debug|Any CPU.ActiveCfg = Debug|Any CPU
		{42AB4CC1-4957-4FED-87B9-7337DEA700E3}.Debug|Any CPU.Build.0 = Debug|Any CPU
		{42AB4CC1-4957-4FED-87B9-7337DEA700E3}.Release|Any CPU.ActiveCfg = Release|Any CPU
		{42AB4CC1-4957-4FED-87B9-7337DEA700E3}.Release|Any CPU.Build.0 = Release|Any CPU
		{CCBF0833-7E59-48F2-A09C-A8274378F28F}.Debug|Any CPU.ActiveCfg = Debug|Any CPU
		{CCBF0833-7E59-48F2-A09C-A8274378F28F}.Debug|Any CPU.Build.0 = Debug|Any CPU
		{CCBF0833-7E59-48F2-A09C-A8274378F28F}.Release|Any CPU.ActiveCfg = Release|Any CPU
		{CCBF0833-7E59-48F2-A09C-A8274378F28F}.Release|Any CPU.Build.0 = Release|Any CPU
		{38C8FAD3-8249-49AD-A1DC-5EB2D4DF8239}.Debug|Any CPU.ActiveCfg = Debug|Any CPU
		{38C8FAD3-8249-49AD-A1DC-5EB2D4DF8239}.Debug|Any CPU.Build.0 = Debug|Any CPU
		{38C8FAD3-8249-49AD-A1DC-5EB2D4DF8239}.Release|Any CPU.ActiveCfg = Release|Any CPU
		{38C8FAD3-8249-49AD-A1DC-5EB2D4DF8239}.Release|Any CPU.Build.0 = Release|Any CPU
		{7CD512FB-3922-4080-8F71-A499FCC92970}.Debug|Any CPU.ActiveCfg = Debug|Any CPU
		{7CD512FB-3922-4080-8F71-A499FCC92970}.Debug|Any CPU.Build.0 = Debug|Any CPU
		{7CD512FB-3922-4080-8F71-A499FCC92970}.Release|Any CPU.ActiveCfg = Release|Any CPU
		{7CD512FB-3922-4080-8F71-A499FCC92970}.Release|Any CPU.Build.0 = Release|Any CPU
		{C695B14D-2D86-4DAC-82E2-198236DAF9A3}.Debug|Any CPU.ActiveCfg = Debug|Any CPU
		{C695B14D-2D86-4DAC-82E2-198236DAF9A3}.Debug|Any CPU.Build.0 = Debug|Any CPU
		{C695B14D-2D86-4DAC-82E2-198236DAF9A3}.Release|Any CPU.ActiveCfg = Release|Any CPU
		{C695B14D-2D86-4DAC-82E2-198236DAF9A3}.Release|Any CPU.Build.0 = Release|Any CPU
	EndGlobalSection
	GlobalSection(SolutionProperties) = preSolution
		HideSolutionNode = FALSE
	EndGlobalSection
	GlobalSection(NestedProjects) = preSolution
		{41224E36-50D1-4C78-ADB4-1331C55C8AAB} = {7E05561F-FF26-416D-A4C3-7FD7708529C1}
		{2C85E211-0B62-4313-9A2D-C1F1CD281BE3} = {7E05561F-FF26-416D-A4C3-7FD7708529C1}
		{42AB4CC1-4957-4FED-87B9-7337DEA700E3} = {7E05561F-FF26-416D-A4C3-7FD7708529C1}
		{CCBF0833-7E59-48F2-A09C-A8274378F28F} = {7E05561F-FF26-416D-A4C3-7FD7708529C1}
		{38C8FAD3-8249-49AD-A1DC-5EB2D4DF8239} = {7E05561F-FF26-416D-A4C3-7FD7708529C1}
		{7CD512FB-3922-4080-8F71-A499FCC92970} = {7E05561F-FF26-416D-A4C3-7FD7708529C1}
		{C695B14D-2D86-4DAC-82E2-198236DAF9A3} = {79EC78ED-22EA-4EFA-B7DC-620BC9B15072}
	EndGlobalSection
	GlobalSection(ExtensibilityGlobals) = postSolution
		SolutionGuid = {C925C8A7-E66E-4426-B880-96796D6FA6ED}
	EndGlobalSection
EndGlobal
